#
# This file is autogenerated by pip-compile with Python 3.12
# by the following command:
#
#    pip-compile --output-file=requirements-dev.lock requirements-dev.txt
#
advertools==0.18.0
    # via -r requirements.txt
ag-ui-protocol==0.1.19
    # via pydantic-ai-slim
aiofile==3.11.1
    # via py-key-value-aio
aiohappyeyeballs==2.7.1
    # via aiohttp
aiohttp==3.14.1
    # via
    #   instructor
    #   kubernetes
    #   litellm
    #   xai-sdk
aiosignal==1.4.0
    # via aiohttp
annotated-doc==0.0.4
    # via
    #   fastapi
    #   typer
annotated-types==0.7.0
    # via pydantic
anthropic==0.116.0
    # via pydantic-ai-slim
anyio==4.14.1
    # via
    #   anthropic
    #   google-genai
    #   groq
    #   httpx
    #   httpx2
    #   mcp
    #   openai
    #   py-key-value-aio
    #   pydantic-evals
    #   sse-starlette
    #   starlette
    #   watchfiles
appdirs==1.4.4
    # via crewai
argcomplete==3.7.0
    # via pydantic-ai-slim
attrs==26.1.0
    # via
    #   aiohttp
    #   cyclopts
    #   jsonschema
    #   jsonschema-path
    #   referencing
    #   service-identity
    #   standardwebhooks
    #   svix
    #   twisted
authlib==1.7.2
    # via fastmcp-slim
automat==25.4.16
    # via twisted
backoff==2.2.1
    # via posthog
bcrypt==5.0.0
    # via chromadb
beartype==0.22.9
    # via py-key-value-aio
beautifulsoup4==4.15.0
    # via -r requirements.txt
blis==1.3.3
    # via thinc
boto3==1.43.45
    # via
    #   -r requirements.txt
    #   pydantic-ai-slim
botocore==1.43.45
    # via
    #   boto3
    #   s3transfer
build==1.5.1
    # via chromadb
cachetools==7.1.4
    # via py-key-value-aio
caio==0.9.25
    # via aiofile
catalogue==2.0.10
    # via
    #   spacy
    #   srsly
    #   thinc
certifi==2026.6.17
    # via
    #   httpcore
    #   httpx
    #   kubernetes
    #   requests
    #   sentry-sdk
cffi==2.1.0
    # via cryptography
charset-normalizer==3.4.9
    # via
    #   pdfminer-six
    #   requests
chromadb==1.1.1
    # via crewai
click==8.4.2
    # via
    #   crewai
    #   huggingface-hub
    #   litellm
    #   nltk
    #   rich-toolkit
    #   typer
    #   uvicorn
cloudpathlib==0.24.0
    # via weasel
cohere==7.0.5
    # via pydantic-ai-slim
confection==1.3.3
    # via
    #   spacy
    #   thinc
    #   weasel
constantly==23.10.4
    # via twisted
contourpy==1.3.3
    # via matplotlib
coverage[toml]==7.15.0
    # via pytest-cov
crewai==1.6.1
    # via -r requirements.txt
cryptography==48.0.1
    # via
    #   -r requirements.txt
    #   authlib
    #   google-auth
    #   joserfc
    #   pdfminer-six
    #   pyjwt
    #   pyopenssl
    #   scrapy
    #   secretstorage
    #   sendgrid
    #   service-identity
cssselect==1.4.0
    # via
    #   parsel
    #   scrapy
cycler==0.12.1
    # via matplotlib
cyclopts==4.21.0
    # via fastmcp-slim
cymem==2.0.13
    # via
    #   preshed
    #   spacy
    #   thinc
defusedxml==0.7.1
    # via
    #   nltk
    #   scrapy
deprecated==1.3.1
    # via
    #   standardwebhooks
    #   svix
detect-installer==0.1.0
    # via fastapi-cloud-cli
distro==1.9.0
    # via
    #   anthropic
    #   google-genai
    #   groq
    #   openai
    #   posthog
dnspython==2.8.0
    # via email-validator
docstring-parser==0.18.0
    # via
    #   anthropic
    #   cyclopts
    #   instructor
durationpy==0.10
    # via kubernetes
email-validator==2.3.0
    # via
    #   fastapi
    #   pydantic
et-xmlfile==2.0.0
    # via openpyxl
eval-type-backport==0.4.0
    # via mistralai
exa-py==1.16.2
    # via -r requirements.txt
exceptiongroup==1.3.1
    # via fastmcp-slim
executing==2.2.1
    # via logfire
fastapi[standard]==0.139.0
    # via -r requirements.txt
fastapi-cli[standard]==0.0.29
    # via fastapi
fastapi-cloud-cli==0.22.1
    # via fastapi-cli
fastar==0.11.0
    # via
    #   fastapi
    #   fastapi-cloud-cli
fastavro==1.12.2
    # via cohere
fastmcp==3.4.4
    # via pydantic-ai-slim
fastmcp-slim[client,server]==3.4.4
    # via
    #   fastmcp
    #   pydantic-ai-slim
fastuuid==0.14.0
    # via litellm
filelock==3.29.7
    # via
    #   huggingface-hub
    #   tldextract
firecrawl-py==1.17.0
    # via -r requirements.txt
flatbuffers==25.12.19
    # via onnxruntime
fonttools==4.63.0
    # via matplotlib
frozenlist==1.8.0
    # via
    #   aiohttp
    #   aiosignal
fsspec==2026.6.0
    # via huggingface-hub
genai-prices==0.0.71
    # via pydantic-ai-slim
google-analytics-data==0.23.0
    # via -r requirements.txt
google-api-core[grpc]==2.31.0
    # via
    #   google-analytics-data
    #   google-api-python-client
    #   google-cloud-core
    #   google-cloud-storage
google-api-python-client==2.198.0
    # via -r requirements.txt
google-auth[requests]==2.55.2
    # via
    #   -r requirements.txt
    #   google-analytics-data
    #   google-api-core
    #   google-api-python-client
    #   google-auth-httplib2
    #   google-cloud-core
    #   google-cloud-storage
    #   google-genai
    #   pydantic-ai-slim
google-auth-httplib2==0.4.0
    # via google-api-python-client
google-cloud-core==2.6.0
    # via google-cloud-storage
google-cloud-storage==2.19.0
    # via -r requirements.txt
google-crc32c==1.8.0
    # via
    #   google-cloud-storage
    #   google-resumable-media
google-genai==2.11.0
    # via pydantic-ai-slim
google-resumable-media==2.10.0
    # via google-cloud-storage
googleapis-common-protos==1.75.0
    # via
    #   google-api-core
    #   grpcio-status
    #   opentelemetry-exporter-otlp-proto-grpc
    #   opentelemetry-exporter-otlp-proto-http
    #   xai-sdk
griffelib==2.1.0
    # via
    #   fastmcp-slim
    #   pydantic-ai-slim
groq==1.5.0
    # via pydantic-ai-slim
grpcio==1.82.1
    # via
    #   chromadb
    #   google-analytics-data
    #   google-api-core
    #   grpcio-status
    #   opentelemetry-exporter-otlp-proto-grpc
    #   xai-sdk
grpcio-status==1.81.1
    # via google-api-core
h11==0.16.0
    # via
    #   httpcore
    #   httpcore2
    #   uvicorn
hf-xet==1.4.3
    # via
    #   huggingface-hub
    #   pydantic-ai-slim
httpcore==1.0.9
    # via
    #   exa-py
    #   httpx
httpcore2==2.5.0
    # via httpx2
httplib2==0.32.0
    # via
    #   google-api-python-client
    #   google-auth-httplib2
httptools==0.8.0
    # via uvicorn
httpx==0.28.1
    # via
    #   anthropic
    #   chromadb
    #   cohere
    #   exa-py
    #   fastapi
    #   fastapi-cloud-cli
    #   fastmcp-slim
    #   google-genai
    #   groq
    #   huggingface-hub
    #   litellm
    #   mcp
    #   mistralai
    #   openai
    #   pydantic-ai-slim
    #   pydantic-graph
    #   pytest-httpx
    #   standardwebhooks
    #   svix
    #   weasel
httpx-sse==0.4.3
    # via mcp
httpx2==2.5.0
    # via genai-prices
huggingface-hub==1.18.0
    # via
    #   pydantic-ai-slim
    #   tokenizers
hyperlink==21.0.0
    # via twisted
idna==3.18
    # via
    #   anyio
    #   email-validator
    #   httpx
    #   httpx2
    #   hyperlink
    #   requests
    #   tldextract
    #   yarl
imap-tools==1.13.0
    # via -r requirements.txt
importlib-metadata==8.7.1
    # via
    #   litellm
    #   opentelemetry-api
importlib-resources==7.1.0
    # via chromadb
incremental==24.11.0
    # via twisted
iniconfig==2.3.0
    # via pytest
instructor==1.15.4
    # via crewai
itemadapter==0.13.1
    # via
    #   itemloaders
    #   scrapy
itemloaders==1.4.0
    # via scrapy
jaraco-classes==3.4.0
    # via keyring
jaraco-context==6.1.2
    # via keyring
jaraco-functools==4.5.0
    # via keyring
jeepney==0.9.0
    # via
    #   keyring
    #   secretstorage
jinja2==3.1.6
    # via
    #   -r requirements.txt
    #   fastapi
    #   instructor
    #   litellm
    #   spacy
jiter==0.14.0
    # via
    #   anthropic
    #   instructor
    #   openai
jmespath==1.1.0
    # via
    #   boto3
    #   botocore
    #   itemloaders
    #   parsel
joblib==1.5.3
    # via nltk
joserfc==1.7.3
    # via
    #   authlib
    #   fastmcp-slim
json-repair==0.25.2
    # via crewai
json5==0.15.0
    # via crewai
jsonpath-python==1.1.6
    # via mistralai
jsonref==1.1.0
    # via
    #   crewai
    #   fastmcp-slim
jsonschema==4.26.0
    # via
    #   chromadb
    #   litellm
    #   mcp
jsonschema-path==0.5.0
    # via fastmcp-slim
jsonschema-specifications==2025.9.1
    # via jsonschema
keyring==25.7.0
    # via py-key-value-aio
kiwisolver==1.5.0
    # via matplotlib
kubernetes==36.0.2
    # via chromadb
libsql==0.1.11
    # via -r requirements.txt
litellm==1.91.1
    # via -r requirements.txt
logfire[httpx]==4.37.0
    # via pydantic-ai-slim
logfire-api==4.37.0
    # via
    #   pydantic-evals
    #   pydantic-graph
lxml==6.1.1
    # via
    #   parsel
    #   scrapy
markdown-it-py==4.2.0
    # via rich
markupsafe==3.0.3
    # via
    #   jinja2
    #   werkzeug
matplotlib==3.11.0
    # via -r requirements.txt
mcp==1.28.1
    # via
    #   crewai
    #   fastmcp-slim
mdurl==0.1.2
    # via markdown-it-py
mistralai==2.6.0
    # via pydantic-ai-slim
mmh3==5.2.1
    # via chromadb
more-itertools==11.1.0
    # via
    #   jaraco-classes
    #   jaraco-functools
multidict==6.7.1
    # via
    #   aiohttp
    #   yarl
murmurhash==1.0.15
    # via
    #   preshed
    #   spacy
    #   thinc
nest-asyncio==1.6.0
    # via firecrawl-py
networkx==3.6.1
    # via
    #   -r requirements.txt
    #   python-louvain
nexus-rpc==1.4.0
    # via temporalio
nltk==3.10.0
    # via textstat
numpy==2.5.1
    # via
    #   blis
    #   chromadb
    #   contourpy
    #   matplotlib
    #   onnxruntime
    #   pandas
    #   python-louvain
    #   spacy
    #   thinc
oauthlib==3.3.1
    # via requests-oauthlib
onnxruntime==1.27.0
    # via chromadb
openai==2.45.0
    # via
    #   -r requirements.txt
    #   crewai
    #   exa-py
    #   instructor
    #   litellm
    #   pydantic-ai-slim
openapi-pydantic==0.5.1
    # via fastmcp-slim
openpyxl==3.1.5
    # via crewai
opentelemetry-api==1.39.1
    # via
    #   chromadb
    #   crewai
    #   fastmcp-slim
    #   mistralai
    #   opentelemetry-exporter-otlp-proto-grpc
    #   opentelemetry-exporter-otlp-proto-http
    #   opentelemetry-instrumentation
    #   opentelemetry-instrumentation-httpx
    #   opentelemetry-sdk
    #   opentelemetry-semantic-conventions
    #   pydantic-ai-slim
opentelemetry-exporter-otlp-proto-common==1.39.1
    # via
    #   opentelemetry-exporter-otlp-proto-grpc
    #   opentelemetry-exporter-otlp-proto-http
opentelemetry-exporter-otlp-proto-grpc==1.39.1
    # via chromadb
opentelemetry-exporter-otlp-proto-http==1.39.1
    # via
    #   crewai
    #   logfire
opentelemetry-instrumentation==0.60b1
    # via
    #   logfire
    #   opentelemetry-instrumentation-httpx
opentelemetry-instrumentation-httpx==0.60b1
    # via logfire
opentelemetry-proto==1.39.1
    # via
    #   opentelemetry-exporter-otlp-proto-common
    #   opentelemetry-exporter-otlp-proto-grpc
    #   opentelemetry-exporter-otlp-proto-http
opentelemetry-sdk==1.39.1
    # via
    #   chromadb
    #   crewai
    #   logfire
    #   opentelemetry-exporter-otlp-proto-grpc
    #   opentelemetry-exporter-otlp-proto-http
    #   xai-sdk
opentelemetry-semantic-conventions==0.60b1
    # via
    #   mistralai
    #   opentelemetry-instrumentation
    #   opentelemetry-instrumentation-httpx
    #   opentelemetry-sdk
opentelemetry-util-http==0.60b1
    # via opentelemetry-instrumentation-httpx
orjson==3.11.9
    # via chromadb
overrides==7.7.0
    # via chromadb
packaging==25.0
    # via
    #   build
    #   fastmcp-slim
    #   huggingface-hub
    #   incremental
    #   matplotlib
    #   onnxruntime
    #   opentelemetry-instrumentation
    #   parsel
    #   pytest
    #   scrapy
    #   spacy
    #   thinc
    #   weasel
    #   xai-sdk
pandas==2.3.3
    # via
    #   -r requirements.txt
    #   advertools
parsel==1.11.0
    # via
    #   itemloaders
    #   scrapy
pathable==0.6.0
    # via jsonschema-path
pdfminer-six==20260107
    # via pdfplumber
pdfplumber==0.11.10
    # via crewai
pillow==12.3.0
    # via
    #   -r requirements.txt
    #   matplotlib
    #   pdfplumber
platformdirs==4.10.0
    # via fastmcp-slim
pluggy==1.6.0
    # via
    #   pytest
    #   pytest-cov
portalocker==2.7.0
    # via crewai
posthog==5.4.0
    # via chromadb
preshed==3.0.13
    # via
    #   spacy
    #   thinc
prompt-toolkit==3.0.52
    # via pydantic-ai-slim
propcache==0.5.2
    # via
    #   aiohttp
    #   yarl
protego==0.6.2
    # via scrapy
proto-plus==1.28.1
    # via
    #   google-analytics-data
    #   google-api-core
protobuf==6.33.6
    # via
    #   google-analytics-data
    #   google-api-core
    #   googleapis-common-protos
    #   grpcio-status
    #   logfire
    #   onnxruntime
    #   opentelemetry-proto
    #   proto-plus
    #   temporalio
    #   xai-sdk
py-key-value-aio[filetree,keyring,memory]==0.4.5
    # via fastmcp-slim
pyarrow==25.0.0
    # via advertools
pyasn1==0.6.4
    # via
    #   advertools
    #   pyasn1-modules
pyasn1-modules==0.4.2
    # via google-auth
pybase64==1.4.3
    # via chromadb
pycparser==3.0
    # via cffi
pydantic[email]==2.13.4
    # via
    #   -r requirements.txt
    #   ag-ui-protocol
    #   anthropic
    #   chromadb
    #   cohere
    #   crewai
    #   exa-py
    #   fastapi
    #   fastapi-cloud-cli
    #   fastmcp-slim
    #   firecrawl-py
    #   genai-prices
    #   google-genai
    #   groq
    #   instructor
    #   litellm
    #   mcp
    #   mistralai
    #   openai
    #   openapi-pydantic
    #   pydantic-ai-slim
    #   pydantic-evals
    #   pydantic-extra-types
    #   pydantic-graph
    #   pydantic-handlebars
    #   pydantic-settings
    #   spacy
    #   svix
    #   thinc
    #   weasel
    #   xai-sdk
pydantic-ai==1.107.0
    # via -r requirements.txt
pydantic-ai-slim[ag-ui,anthropic,bedrock,cli,cohere,evals,fastmcp,google,groq,huggingface,logfire,mcp,mistral,openai,retries,spec,temporal,ui,vertexai,xai]==1.107.0
    # via
    #   pydantic-ai
    #   pydantic-evals
pydantic-core==2.46.4
    # via
    #   cohere
    #   instructor
    #   pydantic
pydantic-evals==1.107.0
    # via pydantic-ai-slim
pydantic-extra-types==2.11.1
    # via fastapi
pydantic-graph==1.107.0
    # via pydantic-ai-slim
pydantic-handlebars==0.2.1
    # via pydantic-ai-slim
pydantic-settings==2.14.2
    # via
    #   crewai
    #   fastapi
    #   fastmcp-slim
    #   mcp
pydispatcher==2.0.7
    # via scrapy
pygments==2.20.0
    # via
    #   pytest
    #   rich
    #   rich-rst
pyjwt[crypto]==2.13.0
    # via
    #   crewai
    #   mcp
pyopenssl==26.2.0
    # via scrapy
pyparsing==3.3.2
    # via
    #   httplib2
    #   matplotlib
pypdfium2==5.11.0
    # via pdfplumber
pyperclip==1.11.0
    # via
    #   fastmcp-slim
    #   pydantic-ai-slim
pyphen==0.17.2
    # via textstat
pypika==0.51.1
    # via chromadb
pyproject-hooks==1.2.0
    # via build
pytest==9.1.1
    # via
    #   -r requirements-dev.txt
    #   pytest-asyncio
    #   pytest-cov
    #   pytest-httpx
    #   pytest-timeout
pytest-asyncio==1.4.0
    # via -r requirements-dev.txt
pytest-cov==7.1.0
    # via -r requirements-dev.txt
pytest-httpx==0.36.2
    # via -r requirements-dev.txt
pytest-timeout==2.4.0
    # via -r requirements-dev.txt
python-dateutil==2.9.0.post0
    # via
    #   botocore
    #   kubernetes
    #   matplotlib
    #   mistralai
    #   pandas
    #   posthog
    #   standardwebhooks
    #   svix
python-dotenv==1.2.2
    # via
    #   -r requirements.txt
    #   crewai
    #   exa-py
    #   fastmcp-slim
    #   firecrawl-py
    #   litellm
    #   pydantic-settings
    #   uvicorn
python-http-client==3.3.7
    # via sendgrid
python-louvain==0.16
    # via -r requirements.txt
python-multipart==0.0.32
    # via
    #   fastapi
    #   fastmcp-slim
    #   mcp
pytz==2026.2
    # via pandas
pyyaml==6.0.3
    # via
    #   -r requirements.txt
    #   chromadb
    #   fastmcp-slim
    #   huggingface-hub
    #   jsonschema-path
    #   kubernetes
    #   pydantic-ai-slim
    #   pydantic-evals
    #   uvicorn
queuelib==1.9.0
    # via scrapy
referencing==0.37.0
    # via
    #   jsonschema
    #   jsonschema-path
    #   jsonschema-specifications
regex==2026.6.28
    # via
    #   crewai
    #   nltk
    #   tiktoken
requests==2.34.2
    # via
    #   -r requirements.txt
    #   advertools
    #   cohere
    #   exa-py
    #   firecrawl-py
    #   google-api-core
    #   google-auth
    #   google-cloud-storage
    #   google-genai
    #   instructor
    #   kubernetes
    #   opentelemetry-exporter-otlp-proto-http
    #   posthog
    #   pydantic-ai-slim
    #   requests-file
    #   requests-oauthlib
    #   serpapi
    #   spacy
    #   tiktoken
    #   tldextract
    #   twython
    #   xai-sdk
requests-file==3.0.1
    # via tldextract
requests-oauthlib==2.0.0
    # via
    #   kubernetes
    #   twython
rich==14.3.4
    # via
    #   chromadb
    #   cyclopts
    #   fastmcp-slim
    #   instructor
    #   logfire
    #   pydantic-ai-slim
    #   pydantic-evals
    #   rich-rst
    #   rich-toolkit
    #   typer
rich-rst==2.1.0
    # via cyclopts
rich-toolkit==0.20.1
    # via
    #   fastapi-cli
    #   fastapi-cloud-cli
rignore==0.7.6
    # via fastapi-cloud-cli
rpds-py==2026.6.3
    # via
    #   jsonschema
    #   referencing
s3transfer==0.19.0
    # via boto3
scrapy==2.17.0
    # via advertools
secretstorage==3.5.0
    # via keyring
sendgrid==6.12.5
    # via -r requirements.txt
sentry-sdk==2.64.0
    # via
    #   -r requirements.txt
    #   fastapi-cloud-cli
serpapi==0.1.6
    # via -r requirements.txt
service-identity==26.1.0
    # via scrapy
shellingham==1.5.4
    # via typer
six==1.17.0
    # via
    #   kubernetes
    #   posthog
    #   python-dateutil
smart-open==8.0.0
    # via weasel
sniffio==1.3.1
    # via
    #   anthropic
    #   google-genai
    #   groq
    #   openai
soupsieve==2.8.4
    # via beautifulsoup4
spacy==3.8.14
    # via -r requirements.txt
spacy-legacy==3.0.12
    # via spacy
spacy-loggers==1.0.5
    # via spacy
srsly==2.5.3
    # via
    #   spacy
    #   thinc
    #   weasel
sse-starlette==3.4.5
    # via mcp
standardwebhooks==1.0.1
    # via svix
starlette==1.3.1
    # via
    #   fastapi
    #   fastmcp-slim
    #   mcp
    #   pydantic-ai-slim
    #   sse-starlette
svix==1.96.1
    # via -r requirements.txt
temporalio==1.30.0
    # via pydantic-ai-slim
tenacity==9.1.4
    # via
    #   chromadb
    #   google-genai
    #   instructor
    #   pydantic-ai-slim
textstat==0.7.13
    # via -r requirements.txt
thinc==8.3.13
    # via spacy
tiktoken==0.13.0
    # via
    #   litellm
    #   pydantic-ai-slim
tldextract==5.3.1
    # via scrapy
tokenizers==0.23.1
    # via
    #   chromadb
    #   cohere
    #   crewai
    #   litellm
tomli==2.4.1
    # via crewai
tomli-w==1.2.0
    # via crewai
tqdm==4.68.4
    # via
    #   chromadb
    #   huggingface-hub
    #   nltk
    #   openai
    #   spacy
truststore==0.10.4
    # via
    #   httpcore2
    #   httpx2
twisted==26.4.0
    # via scrapy
twython==3.9.1
    # via advertools
typer==0.25.1
    # via
    #   chromadb
    #   fastapi-cli
    #   fastapi-cloud-cli
    #   huggingface-hub
    #   instructor
    #   spacy
    #   weasel
types-deprecated==1.3.1.20260520
    # via standardwebhooks
types-protobuf==7.34.1.20260518
    # via temporalio
types-python-dateutil==2.9.0.20260518
    # via standardwebhooks
types-requests==2.33.0.20260518
    # via cohere
typing-extensions==4.16.0
    # via
    #   aiohttp
    #   aiosignal
    #   anthropic
    #   anyio
    #   beautifulsoup4
    #   chromadb
    #   cohere
    #   exa-py
    #   exceptiongroup
    #   fastapi
    #   fastmcp-slim
    #   google-genai
    #   groq
    #   grpcio
    #   httpx2
    #   huggingface-hub
    #   logfire
    #   mcp
    #   nexus-rpc
    #   openai
    #   opentelemetry-api
    #   opentelemetry-exporter-otlp-proto-grpc
    #   opentelemetry-exporter-otlp-proto-http
    #   opentelemetry-sdk
    #   opentelemetry-semantic-conventions
    #   py-key-value-aio
    #   pydantic
    #   pydantic-core
    #   pydantic-extra-types
    #   pyopenssl
    #   pytest-asyncio
    #   referencing
    #   rich-toolkit
    #   starlette
    #   temporalio
    #   twisted
    #   typing-inspection
typing-inspection==0.4.2
    # via
    #   fastapi
    #   mcp
    #   mistralai
    #   pydantic
    #   pydantic-ai-slim
    #   pydantic-graph
    #   pydantic-settings
tzdata==2026.3
    # via pandas
uncalled-for==0.3.2
    # via fastmcp-slim
uritemplate==4.2.0
    # via google-api-python-client
urllib3==2.7.0
    # via
    #   botocore
    #   kubernetes
    #   requests
    #   sentry-sdk
    #   types-requests
uv==0.11.28
    # via crewai
uvicorn[standard]==0.51.0
    # via
    #   -r requirements.txt
    #   chromadb
    #   fastapi
    #   fastapi-cli
    #   fastapi-cloud-cli
    #   fastmcp-slim
    #   mcp
uvloop==0.22.1
    # via uvicorn
w3lib==2.4.1
    # via
    #   parsel
    #   scrapy
wasabi==1.1.3
    # via
    #   spacy
    #   thinc
    #   weasel
watchfiles==1.2.0
    # via
    #   fastmcp-slim
    #   uvicorn
wcwidth==0.8.2
    # via prompt-toolkit
weasel==1.0.0
    # via spacy
websocket-client==1.9.0
    # via kubernetes
websockets==16.1
    # via
    #   fastmcp-slim
    #   firecrawl-py
    #   google-genai
    #   uvicorn
werkzeug==3.1.8
    # via sendgrid
wrapt==1.17.3
    # via
    #   deprecated
    #   opentelemetry-instrumentation
    #   opentelemetry-instrumentation-httpx
    #   smart-open
xai-sdk==1.17.0
    # via pydantic-ai-slim
yarl==1.24.2
    # via aiohttp
zipp==4.1.0
    # via importlib-metadata
zope-interface==8.5
    # via
    #   scrapy
    #   twisted

# The following packages are considered to be unsafe in a requirements file:
# setuptools
